
Microsoft Visual Studio Solution File, Format Version 12.00
# Visual Studio Version 17
VisualStudioVersion = 17.7.34024.191
MinimumVisualStudioVersion = 10.0.40219.1
Project("{FAE04EC0-301F-11D3-BF4B-00C04F79EFBC}") = "VideoCompressionAPI.API", "VideoCompressionAPI.API\VideoCompressionAPI.API.csproj", "{4D6E91BF-9FFA-4D8E-A4F5-F4433423DCF7}"
EndProject
Project("{FAE04EC0-301F-11D3-BF4B-00C04F79EFBC}") = "VideoCompressionAPI.Services", "VideoCompressionAPI.Services\VideoCompressionAPI.Services.csproj", "{D944BC18-E173-4670-BD61-D26C8A49E4A8}"
EndProject
Global
	GlobalSection(SolutionConfigurationPlatforms) = preSolution
		Debug|Any CPU = Debug|Any CPU
		Release|Any CPU = Release|Any CPU
	EndGlobalSection
	GlobalSection(ProjectConfigurationPlatforms) = postSolution
		{4D6E91BF-9FFA-4D8E-A4F5-F4433423DCF7}.Debug|Any CPU.ActiveCfg = Debug|Any CPU
		{4D6E91BF-9FFA-4D8E-A4F5-F4433423DCF7}.Debug|Any CPU.Build.0 = Debug|Any CPU
		{4D6E91BF-9FFA-4D8E-A4F5-F4433423DCF7}.Release|Any CPU.ActiveCfg = Release|Any CPU
		{4D6E91BF-9FFA-4D8E-A4F5-F4433423DCF7}.Release|Any CPU.Build.0 = Release|Any CPU
		{D944BC18-E173-4670-BD61-D26C8A49E4A8}.Debug|Any CPU.ActiveCfg = Debug|Any CPU
		{D944BC18-E173-4670-BD61-D26C8A49E4A8}.Debug|Any CPU.Build.0 = Debug|Any CPU
		{D944BC18-E173-4670-BD61-D26C8A49E4A8}.Release|Any CPU.ActiveCfg = Release|Any CPU
		{D944BC18-E173-4670-BD61-D26C8A49E4A8}.Release|Any CPU.Build.0 = Release|Any CPU
	EndGlobalSection
	GlobalSection(SolutionProperties) = preSolution
		HideSolutionNode = FALSE
	EndGlobalSection
	GlobalSection(ExtensibilityGlobals) = postSolution
		SolutionGuid = {8D1037E9-7092-44E6-A231-C5F3E4FCC0E4}
	EndGlobalSection
EndGlobal
